// !$*UTF8*$!
{
	archiveVersion = 1;
	classes = {
	};
	objectVersion = 46;
	objects = {

/* Begin PBXBuildFile section */
		731244971C9E954A00FE9A27 /* AppDelegate.swift in Sources */ = {isa = PBXBuildFile; fileRef = 731244961C9E954A00FE9A27 /* AppDelegate.swift */; };
		731244991C9E954A00FE9A27 /* ViewController.swift in Sources */ = {isa = PBXBuildFile; fileRef = 731244981C9E954A00FE9A27 /* ViewController.swift */; };
		7312449C1C9E954A00FE9A27 /* Main.storyboard in Resources */ = {isa = PBXBuildFile; fileRef = 7312449A1C9E954A00FE9A27 /* Main.storyboard */; };
		7312449E1C9E954A00FE9A27 /* Assets.xcassets in Resources */ = {isa = PBXBuildFile; fileRef = 7312449D1C9E954A00FE9A27 /* Assets.xcassets */; };
		731244A11C9E954A00FE9A27 /* LaunchScreen.storyboard in Resources */ = {isa = PBXBuildFile; fileRef = 7312449F1C9E954A00FE9A27 /* LaunchScreen.storyboard */; };
		731244A91C9E969A00FE9A27 /* ViewController2.swift in Sources */ = {isa = PBXBuildFile; fileRef = 731244A81C9E969A00FE9A27 /* ViewController2.swift */; };
/* End PBXBuildFile section */

/* Begin PBXFileReference section */
		731244931C9E954A00FE9A27 /* SecondKadaiAppR7.app */ = {isa = PBXFileReference; explicitFileType = wrapper.application; includeInIndex = 0; path = SecondKadaiAppR7.app; sourceTree = BUILT_PRODUCTS_DIR; };
		731244961C9E954A00FE9A27 /* AppDelegate.swift */ = {isa = PBXFileReference; lastKnownFileType = sourcecode.swift; path = AppDelegate.swift; sourceTree = "<group>"; };
		731244981C9E954A00FE9A27 /* ViewController.swift */ = {isa = PBXFileReference; lastKnownFileType = sourcecode.swift; path = ViewController.swift; sourceTree = "<group>"; };
		7312449B1C9E954A00FE9A27 /* Base */ = {isa = PBXFileReference; lastKnownFileType = file.storyboard; name = Base; path = Base.lproj/Main.storyboard; sourceTree = "<group>"; };
		7312449D1C9E954A00FE9A27 /* Assets.xcassets */ = {isa = PBXFileReference; lastKnownFileType = folder.assetcatalog; path = Assets.xcassets; sourceTree = "<group>"; };
		731244A01C9E954A00FE9A27 /* Base */ = {isa = PBXFileReference; lastKnownFileType = file.storyboard; name = Base; path = Base.lproj/LaunchScreen.storyboard; sourceTree = "<group>"; };
		731244A21C9E954A00FE9A27 /* Info.plist */ = {isa = PBXFileReference; lastKnownFileType = text.plist.xml; path = Info.plist; sourceTree = "<group>"; };
		731244A81C9E969A00FE9A27 /* ViewController2.swift */ = {isa = PBXFileReference; fileEncoding = 4; lastKnownFileType = sourcecode.swift; path = ViewController2.swift; sourceTree = "<group>"; };
/* End PBXFileReference section */

/* Begin PBXFrameworksBuildPhase section */
		731244901C9E954A00FE9A27 /* Frameworks */ = {
			isa = PBXFrameworksBuildPhase;
			buildActionMask = 2147483647;
			files = (
			);
			runOnlyForDeploymentPostprocessing = 0;
		};
/* End PBXFrameworksBuildPhase section */

/* Begin PBXGroup section */
		7312448A1C9E954A00FE9A27 = {
			isa = PBXGroup;
			children = (
				731244951C9E954A00FE9A27 /* SecondKadaiAppR7 */,
				731244941C9E954A00FE9A27 /* Products */,
			);
			sourceTree = "<group>";
		};
		731244941C9E954A00FE9A27 /* Products */ = {
			isa = PBXGroup;
			children = (
				731244931C9E954A00FE9A27 /* SecondKadaiAppR7.app */,
			);
			name = Products;
			sourceTree = "<group>";
		};
		731244951C9E954A00FE9A27 /* SecondKadaiAppR7 */ = {
			isa = PBXGroup;
			children = (
				731244961C9E954A00FE9A27 /* AppDelegate.swift */,
				731244981C9E954A00FE9A27 /* ViewController.swift */,
				7312449A1C9E954A00FE9A27 /* Main.storyboard */,
				731244A81C9E969A00FE9A27 /* ViewController2.swift */,
				7312449D1C9E954A00FE9A27 /* Assets.xcassets */,
				7312449F1C9E954A00FE9A27 /* LaunchScreen.storyboard */,
				731244A21C9E954A00FE9A27 /* Info.plist */,
			);
			path = SecondKadaiAppR7;
			sourceTree = "<group>";
		};
/* End PBXGroup section */

/* Begin PBXNativeTarget section */
		731244921C9E954A00FE9A27 /* SecondKadaiAppR7 */ = {
			isa = PBXNativeTarget;
			buildConfigurationList = 731244A51C9E954A00FE9A27 /* Build configuration list for PBXNativeTarget "SecondKadaiAppR7" */;
			buildPhases = (
				7312448F1C9E954A00FE9A27 /* Sources */,
				731244901C9E954A00FE9A27 /* Frameworks */,
				731244911C9E954A00FE9A27 /* Resources */,
			);
			buildRules = (
			);
			dependencies = (
			);
			name = SecondKadaiAppR7;
			productName = SecondKadaiAppR7;
			productReference = 731244931C9E954A00FE9A27 /* SecondKadaiAppR7.app */;
			productType = "com.apple.product-type.application";
		};
/* End PBXNativeTarget section */

/* Begin PBXProject section */
		7312448B1C9E954A00FE9A27 /* Project object */ = {
			isa = PBXProject;
			attributes = {
				LastSwiftUpdateCheck = 0720;
				LastUpgradeCheck = 0720;
				ORGANIZATIONNAME = taku.saito;
				TargetAttributes = {
					731244921C9E954A00FE9A27 = {
						CreatedOnToolsVersion = 7.2.1;
						DevelopmentTeam = NNWY7BLFLN;
					};
				};
			};
			buildConfigurationList = 7312448E1C9E954A00FE9A27 /* Build configuration list for PBXProject "SecondKadaiAppR7" */;
			compatibilityVersion = "Xcode 3.2";
			developmentRegion = English;
			hasScannedForEncodings = 0;
			knownRegions = (
				en,
				Base,
			);
			mainGroup = 7312448A1C9E954A00FE9A27;
			productRefGroup = 731244941C9E954A00FE9A27 /* Products */;
			projectDirPath = "";
			projectRoot = "";
			targets = (
				731244921C9E954A00FE9A27 /* SecondKadaiAppR7 */,
			);
		};
/* End PBXProject section */

/* Begin PBXResourcesBuildPhase section */
		731244911C9E954A00FE9A27 /* Resources */ = {
			isa = PBXResourcesBuildPhase;
			buildActionMask = 2147483647;
			files = (
				731244A11C9E954A00FE9A27 /* LaunchScreen.storyboard in Resources */,
				7312449E1C9E954A00FE9A27 /* Assets.xcassets in Resources */,
				7312449C1C9E954A00FE9A27 /* Main.storyboard in Resources */,
			);
			runOnlyForDeploymentPostprocessing = 0;
		};
/* End PBXResourcesBuildPhase section */

/* Begin PBXSourcesBuildPhase section */
		7312448F1C9E954A00FE9A27 /* Sources */ = {
			isa = PBXSourcesBuildPhase;
			buildActionMask = 2147483647;
			files = (
				731244991C9E954A00FE9A27 /* ViewController.swift in Sources */,
				731244971C9E954A00FE9A27 /* AppDelegate.swift in Sources */,
				731244A91C9E969A00FE9A27 /* ViewController2.swift in Sources */,
			);
			runOnlyForDeploymentPostprocessing = 0;
		};
/* End PBXSourcesBuildPhase section */

/* Begin PBXVariantGroup section */
		7312449A1C9E954A00FE9A27 /* Main.storyboard */ = {
			isa = PBXVariantGroup;
			children = (
				7312449B1C9E954A00FE9A27 /* Base */,
			);
			name = Main.storyboard;
			sourceTree = "<group>";
		};
		7312449F1C9E954A00FE9A27 /* LaunchScreen.storyboard */ = {
			isa = PBXVariantGroup;
			children = (
				731244A01C9E954A00FE9A27 /* Base */,
			);
			name = LaunchScreen.storyboard;
			sourceTree = "<group>";
		};
/* End PBXVariantGroup section */

/* Begin XCBuildConfiguration section */
		731244A31C9E954A00FE9A27 /* Debug */ = {
			isa = XCBuildConfiguration;
			buildSettings = {
				ALWAYS_SEARCH_USER_PATHS = NO;
				CLANG_CXX_LANGUAGE_STANDARD = "gnu++0x";
				CLANG_CXX_LIBRARY = "libc++";
				CLANG_ENABLE_MODULES = YES;
				CLANG_ENABLE_OBJC_ARC = YES;
				CLANG_WARN_BOOL_CONVERSION = YES;
				CLANG_WARN_CONSTANT_CONVERSION = YES;
				CLANG_WARN_DIRECT_OBJC_ISA_USAGE = YES_ERROR;
				CLANG_WARN_EMPTY_BODY = YES;
				CLANG_WARN_ENUM_CONVERSION = YES;
				CLANG_WARN_INT_CONVERSION = YES;
				CLANG_WARN_OBJC_ROOT_CLASS = YES_ERROR;
				CLANG_WARN_UNREACHABLE_CODE = YES;
				CLANG_WARN__DUPLICATE_METHOD_MATCH = YES;
				"CODE_SIGN_IDENTITY[sdk=iphoneos*]" = "iPhone Developer";
				COPY_PHASE_STRIP = NO;
				DEBUG_INFORMATION_FORMAT = dwarf;
				ENABLE_STRICT_OBJC_MSGSEND = YES;
				ENABLE_TESTABILITY = YES;
				GCC_C_LANGUAGE_STANDARD = gnu99;
				GCC_DYNAMIC_NO_PIC = NO;
				GCC_NO_COMMON_BLOCKS = YES;
				GCC_OPTIMIZATION_LEVEL = 0;
				GCC_PREPROCESSOR_DEFINITIONS = (
					"DEBUG=1",
					"$(inherited)",
				);
				GCC_WARN_64_TO_32_BIT_CONVERSION = YES;
				GCC_WARN_ABOUT_RETURN_TYPE = YES_ERROR;
				GCC_WARN_UNDECLARED_SELECTOR = YES;
				GCC_WARN_UNINITIALIZED_AUTOS = YES_AGGRESSIVE;
				GCC_WARN_UNUSED_FUNCTION = YES;
				GCC_WARN_UNUSED_VARIABLE = YES;
				IPHONEOS_DEPLOYMENT_TARGET = 9.2;
				MTL_ENABLE_DEBUG_INFO = YES;
				ONLY_ACTIVE_ARCH = YES;
				SDKROOT = iphoneos;
				SWIFT_OPTIMIZATION_LEVEL = "-Onone";
			};
			name = Debug;
		};
		731244A41C9E954A00FE9A27 /* Release */ = {
			isa = XCBuildConfiguration;
			buildSettings = {
				ALWAYS_SEARCH_USER_PATHS = NO;
				CLANG_CXX_LANGUAGE_STANDARD = "gnu++0x";
				CLANG_CXX_LIBRARY = "libc++";
				CLANG_ENABLE_MODULES = YES;
				CLANG_ENABLE_OBJC_ARC = YES;
				CLANG_WARN_BOOL_CONVERSION = YES;
				CLANG_WARN_CONSTANT_CONVERSION = YES;
				CLANG_WARN_DIRECT_OBJC_ISA_USAGE = YES_ERROR;
				CLANG_WARN_EMPTY_BODY = YES;
				CLANG_WARN_ENUM_CONVERSION = YES;
				CLANG_WARN_INT_CONVERSION = YES;
				CLANG_WARN_OBJC_ROOT_CLASS = YES_ERROR;
				CLANG_WARN_UNREACHABLE_CODE = YES;
				CLANG_WARN__DUPLICATE_METHOD_MATCH = YES;
				"CODE_SIGN_IDENTITY[sdk=iphoneos*]" = "iPhone Developer";
				COPY_PHASE_STRIP = NO;
				DEBUG_INFORMATION_FORMAT = "dwarf-with-dsym";
				ENABLE_NS_ASSERTIONS = NO;
				ENABLE_STRICT_OBJC_MSGSEND = YES;
				GCC_C_LANGUAGE_STANDARD = gnu99;
				GCC_NO_COMMON_BLOCKS = YES;
				GCC_WARN_64_TO_32_BIT_CONVERSION = YES;
				GCC_WARN_ABOUT_RETURN_TYPE = YES_ERROR;
				GCC_WARN_UNDECLARED_SELECTOR = YES;
				GCC_WARN_UNINITIALIZED_AUTOS = YES_AGGRESSIVE;
				GCC_WARN_UNUSED_FUNCTION = YES;
				GCC_WARN_UNUSED_VARIABLE = YES;
				IPHONEOS_DEPLOYMENT_TARGET = 9.2;
				MTL_ENABLE_DEBUG_INFO = NO;
				SDKROOT = iphoneos;
				VALIDATE_PRODUCT = YES;
			};
			name = Release;
		};
		731244A61C9E954A00FE9A27 /* Debug */ = {
			isa = XCBuildConfiguration;
			buildSettings = {
				ASSETCATALOG_COMPILER_APPICON_NAME = AppIcon;
				INFOPLIST_FILE = SecondKadaiAppR7/Info.plist;
				LD_RUNPATH_SEARCH_PATHS = "$(inherited) @executable_path/Frameworks";
				PRODUCT_BUNDLE_IDENTIFIER = jp.tecacademy.taku.saito.SecondKadaiAppR7;
				PRODUCT_NAME = "$(TARGET_NAME)";
			};
			name = Debug;
		};
		731244A71C9E954A00FE9A27 /* Release */ = {
			isa = XCBuildConfiguration;
			buildSettings = {
				ASSETCATALOG_COMPILER_APPICON_NAME = AppIcon;
				INFOPLIST_FILE = SecondKadaiAppR7/Info.plist;
				LD_RUNPATH_SEARCH_PATHS = "$(inherited) @executable_path/Frameworks";
				PRODUCT_BUNDLE_IDENTIFIER = jp.tecacademy.taku.saito.SecondKadaiAppR7;
				PRODUCT_NAME = "$(TARGET_NAME)";
			};
			name = Release;
		};
/* End XCBuildConfiguration section */

/* Begin XCConfigurationList section */
		7312448E1C9E954A00FE9A27 /* Build configuration list for PBXProject "SecondKadaiAppR7" */ = {
			isa = XCConfigurationList;
			buildConfigurations = (
				731244A31C9E954A00FE9A27 /* Debug */,
				731244A41C9E954A00FE9A27 /* Release */,
			);
			defaultConfigurationIsVisible = 0;
			defaultConfigurationName = Release;
		};
		731244A51C9E954A00FE9A27 /* Build configuration list for PBXNativeTarget "SecondKadaiAppR7" */ = {
			isa = XCConfigurationList;
			buildConfigurations = (
				731244A61C9E954A00FE9A27 /* Debug */,
				731244A71C9E954A00FE9A27 /* Release */,
			);
			defaultConfigurationIsVisible = 0;
		};
/* End XCConfigurationList section */
	};
	rootObject = 7312448B1C9E954A00FE9A27 /* Project object */;
}
